{
  "originHash" : "491e27aa95e3c34e47a53fe31eccd4ccc8f056e7875642082dab95424745ee54",
  "pins" : [
    {
      "identity" : "zmcamerakit-ios",
      "kind" : "remoteSourceControl",
      "location" : "https://github.com/ziylanmedya/ZMCameraKit-IOS",
      "state" : {
        "branch" : "main",
        "revision" : "849f58e12437ae90777bce89dec4985c65583cdb"
      }
    }
  ],
  "version" : 3
}
