{
  "originHash" : "c3064567021f062b177412fc41b2021b7f2ef1b482ab5068a7accdd96b4cfeed",
  "pins" : [
    {
      "identity" : "zmckit",
      "kind" : "remoteSourceControl",
      "location" : "https://github.com/idealinktr/ZMCKit",
      "state" : {
        "branch" : "main",
        "revision" : "1b6c6a130a944af6583fb49d83fd10e689783377"
      }
    }
  ],
  "version" : 3
}
